// !$*UTF8*$!
{
	archiveVersion = 1;
	classes = {
	};
	objectVersion = 46;
	objects = {
/* Begin PBXBuildFile section */
		13B07FBC1A68108700A75B9A /* AppDelegate.m in Sources */ = {isa = PBXBuildFile; fileRef = 13B07FB01A68108700A75B9A /* AppDelegate.m */; };
		13B07FBD1A68108700A75B9A /* LaunchScreen.xib in Resources */ = {isa = PBXBuildFile; fileRef = 13B07FB11A68108700A75B9A /* LaunchScreen.xib */; };
		13B07FBF1A68108700A75B9A /* Images.xcassets in Resources */ = {isa = PBXBuildFile; fileRef = 13B07FB51A68108700A75B9A /* Images.xcassets */; };
		13B07FC11A68108700A75B9A /* main.m in Sources */ = {isa = PBXBuildFile; fileRef = 13B07FB71A68108700A75B9A /* main.m */; };
		298566B4182437FDC9416AAA /* libPods-yogaapp.a in Frameworks */ = {isa = PBXBuildFile; fileRef = EDD0398590D8F93705C82ABE /* libPods-yogaapp.a */; };
		3B9B0EAD237B00880046B900 /* libCustomSegmentedControl.a in Frameworks */ = {isa = PBXBuildFile; fileRef = 3B9B0EAC237B00680046B900 /* libCustomSegmentedControl.a */; };
		BEDAA4C29F2A455594DDC00A /* libRNGestureHandler.a in Frameworks */ = {isa = PBXBuildFile; fileRef = 7ECFD547ABDD40A8941F8AC8 /* libRNGestureHandler.a */; };
		DF9567DD2371721F00332BAC /* AntDesign.ttf in Resources */ = {isa = PBXBuildFile; fileRef = DF9567CD2371721F00332BAC /* AntDesign.ttf */; };
		DF9567DE2371721F00332BAC /* Entypo.ttf in Resources */ = {isa = PBXBuildFile; fileRef = DF9567CE2371721F00332BAC /* Entypo.ttf */; };
		DF9567DF2371721F00332BAC /* EvilIcons.ttf in Resources */ = {isa = PBXBuildFile; fileRef = DF9567CF2371721F00332BAC /* EvilIcons.ttf */; };
		DF9567E02371721F00332BAC /* Feather.ttf in Resources */ = {isa = PBXBuildFile; fileRef = DF9567D02371721F00332BAC /* Feather.ttf */; };
		DF9567E12371721F00332BAC /* FontAwesome.ttf in Resources */ = {isa = PBXBuildFile; fileRef = DF9567D12371721F00332BAC /* FontAwesome.ttf */; };
		DF9567E22371721F00332BAC /* FontAwesome5_Brands.ttf in Resources */ = {isa = PBXBuildFile; fileRef = DF9567D22371721F00332BAC /* FontAwesome5_Brands.ttf */; };
		DF9567E32371721F00332BAC /* FontAwesome5_Regular.ttf in Resources */ = {isa = PBXBuildFile; fileRef = DF9567D32371721F00332BAC /* FontAwesome5_Regular.ttf */; };
		DF9567E42371721F00332BAC /* FontAwesome5_Solid.ttf in Resources */ = {isa = PBXBuildFile; fileRef = DF9567D42371721F00332BAC /* FontAwesome5_Solid.ttf */; };
		DF9567E52371721F00332BAC /* Fontisto.ttf in Resources */ = {isa = PBXBuildFile; fileRef = DF9567D52371721F00332BAC /* Fontisto.ttf */; };
		DF9567E62371721F00332BAC /* Foundation.ttf in Resources */ = {isa = PBXBuildFile; fileRef = DF9567D62371721F00332BAC /* Foundation.ttf */; };
		DF9567E72371721F00332BAC /* Ionicons.ttf in Resources */ = {isa = PBXBuildFile; fileRef = DF9567D72371721F00332BAC /* Ionicons.ttf */; };
		DF9567E82371721F00332BAC /* MaterialCommunityIcons.ttf in Resources */ = {isa = PBXBuildFile; fileRef = DF9567D82371721F00332BAC /* MaterialCommunityIcons.ttf */; };
		DF9567E92371721F00332BAC /* MaterialIcons.ttf in Resources */ = {isa = PBXBuildFile; fileRef = DF9567D92371721F00332BAC /* MaterialIcons.ttf */; };
		DF9567EA2371722000332BAC /* Octicons.ttf in Resources */ = {isa = PBXBuildFile; fileRef = DF9567DA2371721F00332BAC /* Octicons.ttf */; };
		DF9567EB2371722000332BAC /* SimpleLineIcons.ttf in Resources */ = {isa = PBXBuildFile; fileRef = DF9567DB2371721F00332BAC /* SimpleLineIcons.ttf */; };
		DF9567EE2371725600332BAC /* Zocial.ttf in Resources */ = {isa = PBXBuildFile; fileRef = DF9567ED2371725600332BAC /* Zocial.ttf */; };
		ED297163215061F000B7C4FE /* JavaScriptCore.framework in Frameworks */ = {isa = PBXBuildFile; fileRef = ED297162215061F000B7C4FE /* JavaScriptCore.framework */; };
		C1DDD640176844CFA661288C /* AntDesign.ttf in Resources */ = {isa = PBXBuildFile; fileRef = 47AA58D8C33942D1B487FCC0 /* AntDesign.ttf */; };
		C1AA90D133794DBFA24499AB /* Entypo.ttf in Resources */ = {isa = PBXBuildFile; fileRef = 111F1B3A0C4943909C8B7C45 /* Entypo.ttf */; };
		262FC099C81B4DDCAAE1A10D /* EvilIcons.ttf in Resources */ = {isa = PBXBuildFile; fileRef = E71E56D1B8CF4700B24FB64B /* EvilIcons.ttf */; };
		C2F38706DEAC449AB523A055 /* Feather.ttf in Resources */ = {isa = PBXBuildFile; fileRef = A953417B82CC4EF69174CB3B /* Feather.ttf */; };
		0C7AA40A964C4148BEE820CD /* FontAwesome.ttf in Resources */ = {isa = PBXBuildFile; fileRef = 6226EC420FF94781B184EEAC /* FontAwesome.ttf */; };
		CA0BBF85EB9C4A719475210B /* FontAwesome5_Brands.ttf in Resources */ = {isa = PBXBuildFile; fileRef = D61870A8DE6F474F9FEE769A /* FontAwesome5_Brands.ttf */; };
		353B10B8643440659D16A571 /* FontAwesome5_Regular.ttf in Resources */ = {isa = PBXBuildFile; fileRef = 7EFE0A71F0124F5F8F7924C8 /* FontAwesome5_Regular.ttf */; };
		BDB5024332284A7AAD503605 /* FontAwesome5_Solid.ttf in Resources */ = {isa = PBXBuildFile; fileRef = 943351E1DC0C481F930C3322 /* FontAwesome5_Solid.ttf */; };
		BECA69B1E1F04759B87756F6 /* Fontisto.ttf in Resources */ = {isa = PBXBuildFile; fileRef = 77D2544A203C47779380ABC0 /* Fontisto.ttf */; };
		B919854A0B2A4A7EBE634C2F /* Foundation.ttf in Resources */ = {isa = PBXBuildFile; fileRef = 3BEEBC3C16B1460F90CCD897 /* Foundation.ttf */; };
		1C8024C2A67943B389EA399B /* Ionicons.ttf in Resources */ = {isa = PBXBuildFile; fileRef = E5F385F7E1C5420CB51288C2 /* Ionicons.ttf */; };
		6513FAF563514EC4A52643C9 /* MaterialCommunityIcons.ttf in Resources */ = {isa = PBXBuildFile; fileRef = 830878D71DE24BB4A7921EAC /* MaterialCommunityIcons.ttf */; };
		8A5A767F302F4F1A8EB0DF5E /* MaterialIcons.ttf in Resources */ = {isa = PBXBuildFile; fileRef = 9761A9D165894224B430E7C2 /* MaterialIcons.ttf */; };
		0B035C9F614543FB98FD2DF5 /* Octicons.ttf in Resources */ = {isa = PBXBuildFile; fileRef = 6D0387226629400089A5369C /* Octicons.ttf */; };
		018CFD8361104D298474C0CC /* SimpleLineIcons.ttf in Resources */ = {isa = PBXBuildFile; fileRef = F0AD051C37724541A57F31B8 /* SimpleLineIcons.ttf */; };
		961D6791E18C4C6F91BE12F0 /* Zocial.ttf in Resources */ = {isa = PBXBuildFile; fileRef = 69BDB5EAE83D4479B3B0C2BC /* Zocial.ttf */; };
/* End PBXBuildFile section */

/* Begin PBXContainerItemProxy section */
		3B9B0EAB237B00680046B900 /* PBXContainerItemProxy */ = {
			isa = PBXContainerItemProxy;
			containerPortal = 3B9B0EA7237B00680046B900 /* CustomSegmentedControl.xcodeproj */;
			proxyType = 2;
			remoteGlobalIDString = 26751C0A1CE8BD5C0006725F;
			remoteInfo = CustomSegmentedControl;
		};
		3B9B0EC4237B06690046B900 /* PBXContainerItemProxy */ = {
			isa = PBXContainerItemProxy;
			containerPortal = 3B9B0EB1237B06690046B900 /* React.xcodeproj */;
			proxyType = 2;
			remoteGlobalIDString = 83CBBA2E1A601D0E00E9B192;
			remoteInfo = React;
		};
		3B9B0EC6237B06690046B900 /* PBXContainerItemProxy */ = {
			isa = PBXContainerItemProxy;
			containerPortal = 3B9B0EB1237B06690046B900 /* React.xcodeproj */;
			proxyType = 2;
			remoteGlobalIDString = 2D2A28131D9B038B00D4039D;
			remoteInfo = "React-tvOS";
		};
		3B9B0EC8237B06690046B900 /* PBXContainerItemProxy */ = {
			isa = PBXContainerItemProxy;
			containerPortal = 3B9B0EB1237B06690046B900 /* React.xcodeproj */;
			proxyType = 2;
			remoteGlobalIDString = 3D3C059A1DE3340900C268FA;
			remoteInfo = yoga;
		};
		3B9B0ECA237B06690046B900 /* PBXContainerItemProxy */ = {
			isa = PBXContainerItemProxy;
			containerPortal = 3B9B0EB1237B06690046B900 /* React.xcodeproj */;
			proxyType = 2;
			remoteGlobalIDString = 3D3C06751DE3340C00C268FA;
			remoteInfo = "yoga-tvOS";
		};
		3B9B0ECC237B06690046B900 /* PBXContainerItemProxy */ = {
			isa = PBXContainerItemProxy;
			containerPortal = 3B9B0EB1237B06690046B900 /* React.xcodeproj */;
			proxyType = 2;
			remoteGlobalIDString = 3D3CD9251DE5FBEC00167DC4;
			remoteInfo = cxxreact;
		};
		3B9B0ECE237B06690046B900 /* PBXContainerItemProxy */ = {
			isa = PBXContainerItemProxy;
			containerPortal = 3B9B0EB1237B06690046B900 /* React.xcodeproj */;
			proxyType = 2;
			remoteGlobalIDString = 3D3CD9321DE5FBEE00167DC4;
			remoteInfo = "cxxreact-tvOS";
		};
		3B9B0ED0237B06690046B900 /* PBXContainerItemProxy */ = {
			isa = PBXContainerItemProxy;
			containerPortal = 3B9B0EB1237B06690046B900 /* React.xcodeproj */;
			proxyType = 2;
			remoteGlobalIDString = EBF21BDC1FC498900052F4D5;
			remoteInfo = jsinspector;
		};
		3B9B0ED2237B06690046B900 /* PBXContainerItemProxy */ = {
			isa = PBXContainerItemProxy;
			containerPortal = 3B9B0EB1237B06690046B900 /* React.xcodeproj */;
			proxyType = 2;
			remoteGlobalIDString = EBF21BFA1FC4989A0052F4D5;
			remoteInfo = "jsinspector-tvOS";
		};
		3B9B0ED4237B06690046B900 /* PBXContainerItemProxy */ = {
			isa = PBXContainerItemProxy;
			containerPortal = 3B9B0EB1237B06690046B900 /* React.xcodeproj */;
			proxyType = 2;
			remoteGlobalIDString = 139D7ECE1E25DB7D00323FB7;
			remoteInfo = "third-party";
		};
		3B9B0ED6237B06690046B900 /* PBXContainerItemProxy */ = {
			isa = PBXContainerItemProxy;
			containerPortal = 3B9B0EB1237B06690046B900 /* React.xcodeproj */;
			proxyType = 2;
			remoteGlobalIDString = 3D383D3C1EBD27B6005632C8;
			remoteInfo = "third-party-tvOS";
		};
		3B9B0ED8237B06690046B900 /* PBXContainerItemProxy */ = {
			isa = PBXContainerItemProxy;
			containerPortal = 3B9B0EB1237B06690046B900 /* React.xcodeproj */;
			proxyType = 2;
			remoteGlobalIDString = 139D7E881E25C6D100323FB7;
			remoteInfo = "double-conversion";
		};
		3B9B0EDA237B06690046B900 /* PBXContainerItemProxy */ = {
			isa = PBXContainerItemProxy;
			containerPortal = 3B9B0EB1237B06690046B900 /* React.xcodeproj */;
			proxyType = 2;
			remoteGlobalIDString = 3D383D621EBD27B9005632C8;
			remoteInfo = "double-conversion-tvOS";
		};
		3B9B0EDC237B06690046B900 /* PBXContainerItemProxy */ = {
			isa = PBXContainerItemProxy;
			containerPortal = 3B9B0EB1237B06690046B900 /* React.xcodeproj */;
			proxyType = 2;
			remoteGlobalIDString = EDEBC6D6214B3E7000DD5AC8;
			remoteInfo = jsi;
		};
		3B9B0EDE237B06690046B900 /* PBXContainerItemProxy */ = {
			isa = PBXContainerItemProxy;
			containerPortal = 3B9B0EB1237B06690046B900 /* React.xcodeproj */;
			proxyType = 2;
			remoteGlobalIDString = EDEBC73B214B45A300DD5AC8;
			remoteInfo = jsiexecutor;
		};
		3B9B0EE0237B06690046B900 /* PBXContainerItemProxy */ = {
			isa = PBXContainerItemProxy;
			containerPortal = 3B9B0EB1237B06690046B900 /* React.xcodeproj */;
			proxyType = 2;
			remoteGlobalIDString = ED296FB6214C9A0900B7C4FE;
			remoteInfo = "jsi-tvOS";
		};
		3B9B0EE2237B06690046B900 /* PBXContainerItemProxy */ = {
			isa = PBXContainerItemProxy;
			containerPortal = 3B9B0EB1237B06690046B900 /* React.xcodeproj */;
			proxyType = 2;
			remoteGlobalIDString = ED296FEE214C9CF800B7C4FE;
			remoteInfo = "jsiexecutor-tvOS";
		};
/* End PBXContainerItemProxy section */

/* Begin PBXFileReference section */
		0048B5962F042D541D140586 /* Pods-yogaapp-tvOSTests.release.xcconfig */ = {isa = PBXFileReference; includeInIndex = 1; lastKnownFileType = text.xcconfig; name = "Pods-yogaapp-tvOSTests.release.xcconfig"; path = "Target Support Files/Pods-yogaapp-tvOSTests/Pods-yogaapp-tvOSTests.release.xcconfig"; sourceTree = "<group>"; };
		008F07F21AC5B25A0029DE68 /* main.jsbundle */ = {isa = PBXFileReference; fileEncoding = 4; lastKnownFileType = text; path = main.jsbundle; sourceTree = "<group>"; };
		00E356F11AD99517003FC87E /* Info.plist */ = {isa = PBXFileReference; lastKnownFileType = text.plist.xml; path = Info.plist; sourceTree = "<group>"; };
		00E356F21AD99517003FC87E /* yogaappTests.m */ = {isa = PBXFileReference; lastKnownFileType = sourcecode.c.objc; path = yogaappTests.m; sourceTree = "<group>"; };
		13B07F961A680F5B00A75B9A /* yogaapp.app */ = {isa = PBXFileReference; explicitFileType = wrapper.application; includeInIndex = 0; path = yogaapp.app; sourceTree = BUILT_PRODUCTS_DIR; };
		13B07FAF1A68108700A75B9A /* AppDelegate.h */ = {isa = PBXFileReference; fileEncoding = 4; lastKnownFileType = sourcecode.c.h; name = AppDelegate.h; path = yogaapp/AppDelegate.h; sourceTree = "<group>"; };
		13B07FB01A68108700A75B9A /* AppDelegate.m */ = {isa = PBXFileReference; fileEncoding = 4; lastKnownFileType = sourcecode.c.objc; name = AppDelegate.m; path = yogaapp/AppDelegate.m; sourceTree = "<group>"; };
		13B07FB21A68108700A75B9A /* Base */ = {isa = PBXFileReference; lastKnownFileType = file.xib; name = Base; path = Base.lproj/LaunchScreen.xib; sourceTree = "<group>"; };
		13B07FB51A68108700A75B9A /* Images.xcassets */ = {isa = PBXFileReference; lastKnownFileType = folder.assetcatalog; name = Images.xcassets; path = yogaapp/Images.xcassets; sourceTree = "<group>"; };
		13B07FB61A68108700A75B9A /* Info.plist */ = {isa = PBXFileReference; fileEncoding = 4; lastKnownFileType = text.plist.xml; name = Info.plist; path = yogaapp/Info.plist; sourceTree = "<group>"; };
		13B07FB71A68108700A75B9A /* main.m */ = {isa = PBXFileReference; fileEncoding = 4; lastKnownFileType = sourcecode.c.objc; name = main.m; path = yogaapp/main.m; sourceTree = "<group>"; };
		262FB68990FABB4B74A57DD9 /* libPods-yogaapp-tvOSTests.a */ = {isa = PBXFileReference; explicitFileType = archive.ar; includeInIndex = 0; path = "libPods-yogaapp-tvOSTests.a"; sourceTree = BUILT_PRODUCTS_DIR; };
		2D16E6891FA4F8E400B85C8A /* libReact.a */ = {isa = PBXFileReference; explicitFileType = archive.ar; path = libReact.a; sourceTree = BUILT_PRODUCTS_DIR; };
		34E316EC11926A316EADC97C /* Pods-yogaapp-tvOS.release.xcconfig */ = {isa = PBXFileReference; includeInIndex = 1; lastKnownFileType = text.xcconfig; name = "Pods-yogaapp-tvOS.release.xcconfig"; path = "Target Support Files/Pods-yogaapp-tvOS/Pods-yogaapp-tvOS.release.xcconfig"; sourceTree = "<group>"; };
		392317E8F372604E55971F70 /* Pods-yogaappTests.release.xcconfig */ = {isa = PBXFileReference; includeInIndex = 1; lastKnownFileType = text.xcconfig; name = "Pods-yogaappTests.release.xcconfig"; path = "Target Support Files/Pods-yogaappTests/Pods-yogaappTests.release.xcconfig"; sourceTree = "<group>"; };
		3B9B0EA7237B00680046B900 /* CustomSegmentedControl.xcodeproj */ = {isa = PBXFileReference; lastKnownFileType = "wrapper.pb-project"; name = CustomSegmentedControl.xcodeproj; path = "../node_modules/react-native-custom-segmented-control/ios/lib/CustomSegmentedControl.xcodeproj"; sourceTree = "<group>"; };
		3B9B0EB1237B06690046B900 /* React.xcodeproj */ = {isa = PBXFileReference; lastKnownFileType = "wrapper.pb-project"; name = React.xcodeproj; path = "../node_modules/react-native/React/React.xcodeproj"; sourceTree = "<group>"; };
		46C2C6D1905A57358D15545F /* libPods-yogaapp-tvOS.a */ = {isa = PBXFileReference; explicitFileType = archive.ar; includeInIndex = 0; path = "libPods-yogaapp-tvOS.a"; sourceTree = BUILT_PRODUCTS_DIR; };
		5329D520C5178EF1D2E66068 /* libPods-yogaappTests.a */ = {isa = PBXFileReference; explicitFileType = archive.ar; includeInIndex = 0; path = "libPods-yogaappTests.a"; sourceTree = BUILT_PRODUCTS_DIR; };
		5C3EFA04EABA7989E628AC64 /* Pods-yogaapp-tvOSTests.debug.xcconfig */ = {isa = PBXFileReference; includeInIndex = 1; lastKnownFileType = text.xcconfig; name = "Pods-yogaapp-tvOSTests.debug.xcconfig"; path = "Target Support Files/Pods-yogaapp-tvOSTests/Pods-yogaapp-tvOSTests.debug.xcconfig"; sourceTree = "<group>"; };
		75E936EB1A3002F6A9AB4156 /* Pods-yogaapp.release.xcconfig */ = {isa = PBXFileReference; includeInIndex = 1; lastKnownFileType = text.xcconfig; name = "Pods-yogaapp.release.xcconfig"; path = "Target Support Files/Pods-yogaapp/Pods-yogaapp.release.xcconfig"; sourceTree = "<group>"; };
		764AD50AC6F939E0A1C08B00 /* Pods-yogaappTests.debug.xcconfig */ = {isa = PBXFileReference; includeInIndex = 1; lastKnownFileType = text.xcconfig; name = "Pods-yogaappTests.debug.xcconfig"; path = "Target Support Files/Pods-yogaappTests/Pods-yogaappTests.debug.xcconfig"; sourceTree = "<group>"; };
		7ECFD547ABDD40A8941F8AC8 /* libRNGestureHandler.a */ = {isa = PBXFileReference; explicitFileType = undefined; fileEncoding = 9; includeInIndex = 0; lastKnownFileType = archive.ar; path = libRNGestureHandler.a; sourceTree = "<group>"; };
		B47D75E5D1913E2479AB2B8D /* Pods-yogaapp.debug.xcconfig */ = {isa = PBXFileReference; includeInIndex = 1; lastKnownFileType = text.xcconfig; name = "Pods-yogaapp.debug.xcconfig"; path = "Target Support Files/Pods-yogaapp/Pods-yogaapp.debug.xcconfig"; sourceTree = "<group>"; };
		DF9567CD2371721F00332BAC /* AntDesign.ttf */ = {isa = PBXFileReference; lastKnownFileType = file; path = AntDesign.ttf; sourceTree = "<group>"; };
		DF9567CE2371721F00332BAC /* Entypo.ttf */ = {isa = PBXFileReference; lastKnownFileType = file; path = Entypo.ttf; sourceTree = "<group>"; };
		DF9567CF2371721F00332BAC /* EvilIcons.ttf */ = {isa = PBXFileReference; lastKnownFileType = file; path = EvilIcons.ttf; sourceTree = "<group>"; };
		DF9567D02371721F00332BAC /* Feather.ttf */ = {isa = PBXFileReference; lastKnownFileType = file; path = Feather.ttf; sourceTree = "<group>"; };
		DF9567D12371721F00332BAC /* FontAwesome.ttf */ = {isa = PBXFileReference; lastKnownFileType = file; path = FontAwesome.ttf; sourceTree = "<group>"; };
		DF9567D22371721F00332BAC /* FontAwesome5_Brands.ttf */ = {isa = PBXFileReference; lastKnownFileType = file; path = FontAwesome5_Brands.ttf; sourceTree = "<group>"; };
		DF9567D32371721F00332BAC /* FontAwesome5_Regular.ttf */ = {isa = PBXFileReference; lastKnownFileType = file; path = FontAwesome5_Regular.ttf; sourceTree = "<group>"; };
		DF9567D42371721F00332BAC /* FontAwesome5_Solid.ttf */ = {isa = PBXFileReference; lastKnownFileType = file; path = FontAwesome5_Solid.ttf; sourceTree = "<group>"; };
		DF9567D52371721F00332BAC /* Fontisto.ttf */ = {isa = PBXFileReference; lastKnownFileType = file; path = Fontisto.ttf; sourceTree = "<group>"; };
		DF9567D62371721F00332BAC /* Foundation.ttf */ = {isa = PBXFileReference; lastKnownFileType = file; path = Foundation.ttf; sourceTree = "<group>"; };
		DF9567D72371721F00332BAC /* Ionicons.ttf */ = {isa = PBXFileReference; lastKnownFileType = file; path = Ionicons.ttf; sourceTree = "<group>"; };
		DF9567D82371721F00332BAC /* MaterialCommunityIcons.ttf */ = {isa = PBXFileReference; lastKnownFileType = file; path = MaterialCommunityIcons.ttf; sourceTree = "<group>"; };
		DF9567D92371721F00332BAC /* MaterialIcons.ttf */ = {isa = PBXFileReference; lastKnownFileType = file; path = MaterialIcons.ttf; sourceTree = "<group>"; };
		DF9567DA2371721F00332BAC /* Octicons.ttf */ = {isa = PBXFileReference; lastKnownFileType = file; path = Octicons.ttf; sourceTree = "<group>"; };
		DF9567DB2371721F00332BAC /* SimpleLineIcons.ttf */ = {isa = PBXFileReference; lastKnownFileType = file; path = SimpleLineIcons.ttf; sourceTree = "<group>"; };
		DF9567ED2371725600332BAC /* Zocial.ttf */ = {isa = PBXFileReference; lastKnownFileType = file; path = Zocial.ttf; sourceTree = "<group>"; };
		EB604BAD56CE40729982F1CB /* libRNGestureHandler-tvOS.a */ = {isa = PBXFileReference; explicitFileType = undefined; fileEncoding = 9; includeInIndex = 0; lastKnownFileType = archive.ar; path = "libRNGestureHandler-tvOS.a"; sourceTree = "<group>"; };
		ED297162215061F000B7C4FE /* JavaScriptCore.framework */ = {isa = PBXFileReference; lastKnownFileType = wrapper.framework; name = JavaScriptCore.framework; path = System/Library/Frameworks/JavaScriptCore.framework; sourceTree = SDKROOT; };
		ED2971642150620600B7C4FE /* JavaScriptCore.framework */ = {isa = PBXFileReference; lastKnownFileType = wrapper.framework; name = JavaScriptCore.framework; path = Platforms/AppleTVOS.platform/Developer/SDKs/AppleTVOS12.0.sdk/System/Library/Frameworks/JavaScriptCore.framework; sourceTree = DEVELOPER_DIR; };
		EDD0398590D8F93705C82ABE /* libPods-yogaapp.a */ = {isa = PBXFileReference; explicitFileType = archive.ar; includeInIndex = 0; path = "libPods-yogaapp.a"; sourceTree = BUILT_PRODUCTS_DIR; };
		FB800E05AFB04A97491C501A /* Pods-yogaapp-tvOS.debug.xcconfig */ = {isa = PBXFileReference; includeInIndex = 1; lastKnownFileType = text.xcconfig; name = "Pods-yogaapp-tvOS.debug.xcconfig"; path = "Target Support Files/Pods-yogaapp-tvOS/Pods-yogaapp-tvOS.debug.xcconfig"; sourceTree = "<group>"; };
		47AA58D8C33942D1B487FCC0 /* AntDesign.ttf */ = {isa = PBXFileReference; name = "AntDesign.ttf"; path = "../node_modules/react-native-vector-icons/Fonts/AntDesign.ttf"; sourceTree = "<group>"; fileEncoding = undefined; lastKnownFileType = unknown; explicitFileType = undefined; includeInIndex = 0; };
		111F1B3A0C4943909C8B7C45 /* Entypo.ttf */ = {isa = PBXFileReference; name = "Entypo.ttf"; path = "../node_modules/react-native-vector-icons/Fonts/Entypo.ttf"; sourceTree = "<group>"; fileEncoding = undefined; lastKnownFileType = unknown; explicitFileType = undefined; includeInIndex = 0; };
		E71E56D1B8CF4700B24FB64B /* EvilIcons.ttf */ = {isa = PBXFileReference; name = "EvilIcons.ttf"; path = "../node_modules/react-native-vector-icons/Fonts/EvilIcons.ttf"; sourceTree = "<group>"; fileEncoding = undefined; lastKnownFileType = unknown; explicitFileType = undefined; includeInIndex = 0; };
		A953417B82CC4EF69174CB3B /* Feather.ttf */ = {isa = PBXFileReference; name = "Feather.ttf"; path = "../node_modules/react-native-vector-icons/Fonts/Feather.ttf"; sourceTree = "<group>"; fileEncoding = undefined; lastKnownFileType = unknown; explicitFileType = undefined; includeInIndex = 0; };
		6226EC420FF94781B184EEAC /* FontAwesome.ttf */ = {isa = PBXFileReference; name = "FontAwesome.ttf"; path = "../node_modules/react-native-vector-icons/Fonts/FontAwesome.ttf"; sourceTree = "<group>"; fileEncoding = undefined; lastKnownFileType = unknown; explicitFileType = undefined; includeInIndex = 0; };
		D61870A8DE6F474F9FEE769A /* FontAwesome5_Brands.ttf */ = {isa = PBXFileReference; name = "FontAwesome5_Brands.ttf"; path = "../node_modules/react-native-vector-icons/Fonts/FontAwesome5_Brands.ttf"; sourceTree = "<group>"; fileEncoding = undefined; lastKnownFileType = unknown; explicitFileType = undefined; includeInIndex = 0; };
		7EFE0A71F0124F5F8F7924C8 /* FontAwesome5_Regular.ttf */ = {isa = PBXFileReference; name = "FontAwesome5_Regular.ttf"; path = "../node_modules/react-native-vector-icons/Fonts/FontAwesome5_Regular.ttf"; sourceTree = "<group>"; fileEncoding = undefined; lastKnownFileType = unknown; explicitFileType = undefined; includeInIndex = 0; };
		943351E1DC0C481F930C3322 /* FontAwesome5_Solid.ttf */ = {isa = PBXFileReference; name = "FontAwesome5_Solid.ttf"; path = "../node_modules/react-native-vector-icons/Fonts/FontAwesome5_Solid.ttf"; sourceTree = "<group>"; fileEncoding = undefined; lastKnownFileType = unknown; explicitFileType = undefined; includeInIndex = 0; };
		77D2544A203C47779380ABC0 /* Fontisto.ttf */ = {isa = PBXFileReference; name = "Fontisto.ttf"; path = "../node_modules/react-native-vector-icons/Fonts/Fontisto.ttf"; sourceTree = "<group>"; fileEncoding = undefined; lastKnownFileType = unknown; explicitFileType = undefined; includeInIndex = 0; };
		3BEEBC3C16B1460F90CCD897 /* Foundation.ttf */ = {isa = PBXFileReference; name = "Foundation.ttf"; path = "../node_modules/react-native-vector-icons/Fonts/Foundation.ttf"; sourceTree = "<group>"; fileEncoding = undefined; lastKnownFileType = unknown; explicitFileType = undefined; includeInIndex = 0; };
		E5F385F7E1C5420CB51288C2 /* Ionicons.ttf */ = {isa = PBXFileReference; name = "Ionicons.ttf"; path = "../node_modules/react-native-vector-icons/Fonts/Ionicons.ttf"; sourceTree = "<group>"; fileEncoding = undefined; lastKnownFileType = unknown; explicitFileType = undefined; includeInIndex = 0; };
		830878D71DE24BB4A7921EAC /* MaterialCommunityIcons.ttf */ = {isa = PBXFileReference; name = "MaterialCommunityIcons.ttf"; path = "../node_modules/react-native-vector-icons/Fonts/MaterialCommunityIcons.ttf"; sourceTree = "<group>"; fileEncoding = undefined; lastKnownFileType = unknown; explicitFileType = undefined; includeInIndex = 0; };
		9761A9D165894224B430E7C2 /* MaterialIcons.ttf */ = {isa = PBXFileReference; name = "MaterialIcons.ttf"; path = "../node_modules/react-native-vector-icons/Fonts/MaterialIcons.ttf"; sourceTree = "<group>"; fileEncoding = undefined; lastKnownFileType = unknown; explicitFileType = undefined; includeInIndex = 0; };
		6D0387226629400089A5369C /* Octicons.ttf */ = {isa = PBXFileReference; name = "Octicons.ttf"; path = "../node_modules/react-native-vector-icons/Fonts/Octicons.ttf"; sourceTree = "<group>"; fileEncoding = undefined; lastKnownFileType = unknown; explicitFileType = undefined; includeInIndex = 0; };
		F0AD051C37724541A57F31B8 /* SimpleLineIcons.ttf */ = {isa = PBXFileReference; name = "SimpleLineIcons.ttf"; path = "../node_modules/react-native-vector-icons/Fonts/SimpleLineIcons.ttf"; sourceTree = "<group>"; fileEncoding = undefined; lastKnownFileType = unknown; explicitFileType = undefined; includeInIndex = 0; };
		69BDB5EAE83D4479B3B0C2BC /* Zocial.ttf */ = {isa = PBXFileReference; name = "Zocial.ttf"; path = "../node_modules/react-native-vector-icons/Fonts/Zocial.ttf"; sourceTree = "<group>"; fileEncoding = undefined; lastKnownFileType = unknown; explicitFileType = undefined; includeInIndex = 0; };
/* End PBXFileReference section */

/* Begin PBXFrameworksBuildPhase section */
		13B07F8C1A680F5B00A75B9A /* Frameworks */ = {
			isa = PBXFrameworksBuildPhase;
			buildActionMask = 2147483647;
			files = (
				3B9B0EAD237B00880046B900 /* libCustomSegmentedControl.a in Frameworks */,
				ED297163215061F000B7C4FE /* JavaScriptCore.framework in Frameworks */,
				BEDAA4C29F2A455594DDC00A /* libRNGestureHandler.a in Frameworks */,
				298566B4182437FDC9416AAA /* libPods-yogaapp.a in Frameworks */,
			);
			runOnlyForDeploymentPostprocessing = 0;
		};
/* End PBXFrameworksBuildPhase section */

/* Begin PBXGroup section */
		00E356EF1AD99517003FC87E /* yogaappTests */ = {
			isa = PBXGroup;
			children = (
				00E356F21AD99517003FC87E /* yogaappTests.m */,
				00E356F01AD99517003FC87E /* Supporting Files */,
			);
			path = yogaappTests;
			sourceTree = "<group>";
		};
		00E356F01AD99517003FC87E /* Supporting Files */ = {
			isa = PBXGroup;
			children = (
				00E356F11AD99517003FC87E /* Info.plist */,
			);
			name = "Supporting Files";
			sourceTree = "<group>";
		};
		0476B6D92256026C006BDB17 /* Recovered References */ = {
			isa = PBXGroup;
			children = (
				7ECFD547ABDD40A8941F8AC8 /* libRNGestureHandler.a */,
				EB604BAD56CE40729982F1CB /* libRNGestureHandler-tvOS.a */,
			);
			name = "Recovered References";
			sourceTree = "<group>";
		};
		13B07FAE1A68108700A75B9A /* yogaapp */ = {
			isa = PBXGroup;
			children = (
				008F07F21AC5B25A0029DE68 /* main.jsbundle */,
				13B07FAF1A68108700A75B9A /* AppDelegate.h */,
				13B07FB01A68108700A75B9A /* AppDelegate.m */,
				13B07FB51A68108700A75B9A /* Images.xcassets */,
				13B07FB61A68108700A75B9A /* Info.plist */,
				13B07FB11A68108700A75B9A /* LaunchScreen.xib */,
				13B07FB71A68108700A75B9A /* main.m */,
			);
			name = yogaapp;
			sourceTree = "<group>";
		};
		2D16E6871FA4F8E400B85C8A /* Frameworks */ = {
			isa = PBXGroup;
			children = (
				ED297162215061F000B7C4FE /* JavaScriptCore.framework */,
				ED2971642150620600B7C4FE /* JavaScriptCore.framework */,
				2D16E6891FA4F8E400B85C8A /* libReact.a */,
				EDD0398590D8F93705C82ABE /* libPods-yogaapp.a */,
				46C2C6D1905A57358D15545F /* libPods-yogaapp-tvOS.a */,
				262FB68990FABB4B74A57DD9 /* libPods-yogaapp-tvOSTests.a */,
				5329D520C5178EF1D2E66068 /* libPods-yogaappTests.a */,
			);
			name = Frameworks;
			sourceTree = "<group>";
		};
		3B9B0EA8237B00680046B900 /* Products */ = {
			isa = PBXGroup;
			children = (
				3B9B0EAC237B00680046B900 /* libCustomSegmentedControl.a */,
			);
			name = Products;
			sourceTree = "<group>";
		};
		3B9B0EB2237B06690046B900 /* Products */ = {
			isa = PBXGroup;
			children = (
				3B9B0EC5237B06690046B900 /* libReact.a */,
				3B9B0EC7237B06690046B900 /* libReact.a */,
				3B9B0EC9237B06690046B900 /* libyoga.a */,
				3B9B0ECB237B06690046B900 /* libyoga.a */,
				3B9B0ECD237B06690046B900 /* libcxxreact.a */,
				3B9B0ECF237B06690046B900 /* libcxxreact.a */,
				3B9B0ED1237B06690046B900 /* libjsinspector.a */,
				3B9B0ED3237B06690046B900 /* libjsinspector-tvOS.a */,
				3B9B0ED5237B06690046B900 /* libthird-party.a */,
				3B9B0ED7237B06690046B900 /* libthird-party.a */,
				3B9B0ED9237B06690046B900 /* libdouble-conversion.a */,
				3B9B0EDB237B06690046B900 /* libdouble-conversion.a */,
				3B9B0EDD237B06690046B900 /* libjsi.a */,
				3B9B0EDF237B06690046B900 /* libjsiexecutor.a */,
				3B9B0EE1237B06690046B900 /* libjsi-tvOS.a */,
				3B9B0EE3237B06690046B900 /* libjsiexecutor-tvOS.a */,
			);
			name = Products;
			sourceTree = "<group>";
		};
		6B80F6007C5408FEF5BD69DE /* Pods */ = {
			isa = PBXGroup;
			children = (
				B47D75E5D1913E2479AB2B8D /* Pods-yogaapp.debug.xcconfig */,
				75E936EB1A3002F6A9AB4156 /* Pods-yogaapp.release.xcconfig */,
				FB800E05AFB04A97491C501A /* Pods-yogaapp-tvOS.debug.xcconfig */,
				34E316EC11926A316EADC97C /* Pods-yogaapp-tvOS.release.xcconfig */,
				5C3EFA04EABA7989E628AC64 /* Pods-yogaapp-tvOSTests.debug.xcconfig */,
				0048B5962F042D541D140586 /* Pods-yogaapp-tvOSTests.release.xcconfig */,
				764AD50AC6F939E0A1C08B00 /* Pods-yogaappTests.debug.xcconfig */,
				392317E8F372604E55971F70 /* Pods-yogaappTests.release.xcconfig */,
			);
			path = Pods;
			sourceTree = "<group>";
		};
		832341AE1AAA6A7D00B99B32 /* Libraries */ = {
			isa = PBXGroup;
			children = (
			);
			name = Libraries;
			sourceTree = "<group>";
		};
		83CBB9F61A601CBA00E9B192 = {
			isa = PBXGroup;
			children = (
				3B9B0EB1237B06690046B900 /* React.xcodeproj */,
				3B9B0EA7237B00680046B900 /* CustomSegmentedControl.xcodeproj */,
				DF9567CC2371721F00332BAC /* Fonts */,
				13B07FAE1A68108700A75B9A /* yogaapp */,
				832341AE1AAA6A7D00B99B32 /* Libraries */,
				00E356EF1AD99517003FC87E /* yogaappTests */,
				83CBBA001A601CBA00E9B192 /* Products */,
				2D16E6871FA4F8E400B85C8A /* Frameworks */,
				0476B6D92256026C006BDB17 /* Recovered References */,
				6B80F6007C5408FEF5BD69DE /* Pods */,
				3A87E97FF6984C91955F921E /* Resources */,
			);
			indentWidth = 2;
			sourceTree = "<group>";
			tabWidth = 2;
			usesTabs = 0;
		};
		83CBBA001A601CBA00E9B192 /* Products */ = {
			isa = PBXGroup;
			children = (
				13B07F961A680F5B00A75B9A /* yogaapp.app */,
			);
			name = Products;
			sourceTree = "<group>";
		};
		DF9567CC2371721F00332BAC /* Fonts */ = {
			isa = PBXGroup;
			children = (
				DF9567CD2371721F00332BAC /* AntDesign.ttf */,
				DF9567CE2371721F00332BAC /* Entypo.ttf */,
				DF9567CF2371721F00332BAC /* EvilIcons.ttf */,
				DF9567D02371721F00332BAC /* Feather.ttf */,
				DF9567D12371721F00332BAC /* FontAwesome.ttf */,
				DF9567D22371721F00332BAC /* FontAwesome5_Brands.ttf */,
				DF9567D32371721F00332BAC /* FontAwesome5_Regular.ttf */,
				DF9567D42371721F00332BAC /* FontAwesome5_Solid.ttf */,
				DF9567D52371721F00332BAC /* Fontisto.ttf */,
				DF9567D62371721F00332BAC /* Foundation.ttf */,
				DF9567D72371721F00332BAC /* Ionicons.ttf */,
				DF9567D82371721F00332BAC /* MaterialCommunityIcons.ttf */,
				DF9567D92371721F00332BAC /* MaterialIcons.ttf */,
				DF9567DA2371721F00332BAC /* Octicons.ttf */,
				DF9567DB2371721F00332BAC /* SimpleLineIcons.ttf */,
				DF9567ED2371725600332BAC /* Zocial.ttf */,
			);
			name = Fonts;
			path = "../node_modules/react-native-vector-icons/Fonts";
			sourceTree = "<group>";
		};
		3A87E97FF6984C91955F921E /* Resources */ = {
			isa = "PBXGroup";
			children = (
				47AA58D8C33942D1B487FCC0 /* AntDesign.ttf */,
				111F1B3A0C4943909C8B7C45 /* Entypo.ttf */,
				E71E56D1B8CF4700B24FB64B /* EvilIcons.ttf */,
				A953417B82CC4EF69174CB3B /* Feather.ttf */,
				6226EC420FF94781B184EEAC /* FontAwesome.ttf */,
				D61870A8DE6F474F9FEE769A /* FontAwesome5_Brands.ttf */,
				7EFE0A71F0124F5F8F7924C8 /* FontAwesome5_Regular.ttf */,
				943351E1DC0C481F930C3322 /* FontAwesome5_Solid.ttf */,
				77D2544A203C47779380ABC0 /* Fontisto.ttf */,
				3BEEBC3C16B1460F90CCD897 /* Foundation.ttf */,
				E5F385F7E1C5420CB51288C2 /* Ionicons.ttf */,
				830878D71DE24BB4A7921EAC /* MaterialCommunityIcons.ttf */,
				9761A9D165894224B430E7C2 /* MaterialIcons.ttf */,
				6D0387226629400089A5369C /* Octicons.ttf */,
				F0AD051C37724541A57F31B8 /* SimpleLineIcons.ttf */,
				69BDB5EAE83D4479B3B0C2BC /* Zocial.ttf */,
			);
			name = Resources;
			sourceTree = "<group>";
			path = "";
		};
/* End PBXGroup section */

/* Begin PBXNativeTarget section */
		13B07F861A680F5B00A75B9A /* yogaapp */ = {
			isa = PBXNativeTarget;
			buildConfigurationList = 13B07F931A680F5B00A75B9A /* Build configuration list for PBXNativeTarget "yogaapp" */;
			buildPhases = (
				1876371A241F99EEA27D744C /* [CP] Check Pods Manifest.lock */,
				13B07F871A680F5B00A75B9A /* Sources */,
				13B07F8C1A680F5B00A75B9A /* Frameworks */,
				13B07F8E1A680F5B00A75B9A /* Resources */,
				00DD1BFF1BD5951E006B06BC /* Bundle React Native code and images */,
				1D1287659C21DFD7CF0A2982 /* [CP] Copy Pods Resources */,
			);
			buildRules = (
			);
			dependencies = (
			);
			name = yogaapp;
			productName = "Hello World";
			productReference = 13B07F961A680F5B00A75B9A /* yogaapp.app */;
			productType = "com.apple.product-type.application";
		};
/* End PBXNativeTarget section */

/* Begin PBXProject section */
		83CBB9F71A601CBA00E9B192 /* Project object */ = {
			isa = PBXProject;
			attributes = {
				LastUpgradeCheck = 940;
				ORGANIZATIONNAME = Facebook;
			};
			buildConfigurationList = 83CBB9FA1A601CBA00E9B192 /* Build configuration list for PBXProject "yogaapp" */;
			compatibilityVersion = "Xcode 3.2";
			developmentRegion = English;
			hasScannedForEncodings = 0;
			knownRegions = (
				English,
				en,
				Base,
			);
			mainGroup = 83CBB9F61A601CBA00E9B192;
			productRefGroup = 83CBBA001A601CBA00E9B192 /* Products */;
			projectDirPath = "";
			projectReferences = (
				{
					ProductGroup = 3B9B0EA8237B00680046B900 /* Products */;
					ProjectRef = 3B9B0EA7237B00680046B900 /* CustomSegmentedControl.xcodeproj */;
				},
				{
					ProductGroup = 3B9B0EB2237B06690046B900 /* Products */;
					ProjectRef = 3B9B0EB1237B06690046B900 /* React.xcodeproj */;
				},
			);
			projectRoot = "";
			targets = (
				13B07F861A680F5B00A75B9A /* yogaapp */,
			);
		};
/* End PBXProject section */

/* Begin PBXReferenceProxy section */
		3B9B0EAC237B00680046B900 /* libCustomSegmentedControl.a */ = {
			isa = PBXReferenceProxy;
			fileType = archive.ar;
			path = libCustomSegmentedControl.a;
			remoteRef = 3B9B0EAB237B00680046B900 /* PBXContainerItemProxy */;
			sourceTree = BUILT_PRODUCTS_DIR;
		};
		3B9B0EC5237B06690046B900 /* libReact.a */ = {
			isa = PBXReferenceProxy;
			fileType = archive.ar;
			path = libReact.a;
			remoteRef = 3B9B0EC4237B06690046B900 /* PBXContainerItemProxy */;
			sourceTree = BUILT_PRODUCTS_DIR;
		};
		3B9B0EC7237B06690046B900 /* libReact.a */ = {
			isa = PBXReferenceProxy;
			fileType = archive.ar;
			path = libReact.a;
			remoteRef = 3B9B0EC6237B06690046B900 /* PBXContainerItemProxy */;
			sourceTree = BUILT_PRODUCTS_DIR;
		};
		3B9B0EC9237B06690046B900 /* libyoga.a */ = {
			isa = PBXReferenceProxy;
			fileType = archive.ar;
			path = libyoga.a;
			remoteRef = 3B9B0EC8237B06690046B900 /* PBXContainerItemProxy */;
			sourceTree = BUILT_PRODUCTS_DIR;
		};
		3B9B0ECB237B06690046B900 /* libyoga.a */ = {
			isa = PBXReferenceProxy;
			fileType = archive.ar;
			path = libyoga.a;
			remoteRef = 3B9B0ECA237B06690046B900 /* PBXContainerItemProxy */;
			sourceTree = BUILT_PRODUCTS_DIR;
		};
		3B9B0ECD237B06690046B900 /* libcxxreact.a */ = {
			isa = PBXReferenceProxy;
			fileType = archive.ar;
			path = libcxxreact.a;
			remoteRef = 3B9B0ECC237B06690046B900 /* PBXContainerItemProxy */;
			sourceTree = BUILT_PRODUCTS_DIR;
		};
		3B9B0ECF237B06690046B900 /* libcxxreact.a */ = {
			isa = PBXReferenceProxy;
			fileType = archive.ar;
			path = libcxxreact.a;
			remoteRef = 3B9B0ECE237B06690046B900 /* PBXContainerItemProxy */;
			sourceTree = BUILT_PRODUCTS_DIR;
		};
		3B9B0ED1237B06690046B900 /* libjsinspector.a */ = {
			isa = PBXReferenceProxy;
			fileType = archive.ar;
			path = libjsinspector.a;
			remoteRef = 3B9B0ED0237B06690046B900 /* PBXContainerItemProxy */;
			sourceTree = BUILT_PRODUCTS_DIR;
		};
		3B9B0ED3237B06690046B900 /* libjsinspector-tvOS.a */ = {
			isa = PBXReferenceProxy;
			fileType = archive.ar;
			path = "libjsinspector-tvOS.a";
			remoteRef = 3B9B0ED2237B06690046B900 /* PBXContainerItemProxy */;
			sourceTree = BUILT_PRODUCTS_DIR;
		};
		3B9B0ED5237B06690046B900 /* libthird-party.a */ = {
			isa = PBXReferenceProxy;
			fileType = archive.ar;
			path = "libthird-party.a";
			remoteRef = 3B9B0ED4237B06690046B900 /* PBXContainerItemProxy */;
			sourceTree = BUILT_PRODUCTS_DIR;
		};
		3B9B0ED7237B06690046B900 /* libthird-party.a */ = {
			isa = PBXReferenceProxy;
			fileType = archive.ar;
			path = "libthird-party.a";
			remoteRef = 3B9B0ED6237B06690046B900 /* PBXContainerItemProxy */;
			sourceTree = BUILT_PRODUCTS_DIR;
		};
		3B9B0ED9237B06690046B900 /* libdouble-conversion.a */ = {
			isa = PBXReferenceProxy;
			fileType = archive.ar;
			path = "libdouble-conversion.a";
			remoteRef = 3B9B0ED8237B06690046B900 /* PBXContainerItemProxy */;
			sourceTree = BUILT_PRODUCTS_DIR;
		};
		3B9B0EDB237B06690046B900 /* libdouble-conversion.a */ = {
			isa = PBXReferenceProxy;
			fileType = archive.ar;
			path = "libdouble-conversion.a";
			remoteRef = 3B9B0EDA237B06690046B900 /* PBXContainerItemProxy */;
			sourceTree = BUILT_PRODUCTS_DIR;
		};
		3B9B0EDD237B06690046B900 /* libjsi.a */ = {
			isa = PBXReferenceProxy;
			fileType = archive.ar;
			path = libjsi.a;
			remoteRef = 3B9B0EDC237B06690046B900 /* PBXContainerItemProxy */;
			sourceTree = BUILT_PRODUCTS_DIR;
		};
		3B9B0EDF237B06690046B900 /* libjsiexecutor.a */ = {
			isa = PBXReferenceProxy;
			fileType = archive.ar;
			path = libjsiexecutor.a;
			remoteRef = 3B9B0EDE237B06690046B900 /* PBXContainerItemProxy */;
			sourceTree = BUILT_PRODUCTS_DIR;
		};
		3B9B0EE1237B06690046B900 /* libjsi-tvOS.a */ = {
			isa = PBXReferenceProxy;
			fileType = archive.ar;
			path = "libjsi-tvOS.a";
			remoteRef = 3B9B0EE0237B06690046B900 /* PBXContainerItemProxy */;
			sourceTree = BUILT_PRODUCTS_DIR;
		};
		3B9B0EE3237B06690046B900 /* libjsiexecutor-tvOS.a */ = {
			isa = PBXReferenceProxy;
			fileType = archive.ar;
			path = "libjsiexecutor-tvOS.a";
			remoteRef = 3B9B0EE2237B06690046B900 /* PBXContainerItemProxy */;
			sourceTree = BUILT_PRODUCTS_DIR;
		};
/* End PBXReferenceProxy section */

/* Begin PBXResourcesBuildPhase section */
		13B07F8E1A680F5B00A75B9A /* Resources */ = {
			isa = PBXResourcesBuildPhase;
			buildActionMask = 2147483647;
			files = (
				DF9567E72371721F00332BAC /* Ionicons.ttf in Resources */,
				DF9567DD2371721F00332BAC /* AntDesign.ttf in Resources */,
				DF9567E92371721F00332BAC /* MaterialIcons.ttf in Resources */,
				DF9567E22371721F00332BAC /* FontAwesome5_Brands.ttf in Resources */,
				DF9567EE2371725600332BAC /* Zocial.ttf in Resources */,
				DF9567E12371721F00332BAC /* FontAwesome.ttf in Resources */,
				DF9567DE2371721F00332BAC /* Entypo.ttf in Resources */,
				DF9567E02371721F00332BAC /* Feather.ttf in Resources */,
				DF9567E42371721F00332BAC /* FontAwesome5_Solid.ttf in Resources */,
				DF9567E52371721F00332BAC /* Fontisto.ttf in Resources */,
				DF9567EB2371722000332BAC /* SimpleLineIcons.ttf in Resources */,
				DF9567E82371721F00332BAC /* MaterialCommunityIcons.ttf in Resources */,
				DF9567EA2371722000332BAC /* Octicons.ttf in Resources */,
				13B07FBF1A68108700A75B9A /* Images.xcassets in Resources */,
				DF9567E32371721F00332BAC /* FontAwesome5_Regular.ttf in Resources */,
				DF9567E62371721F00332BAC /* Foundation.ttf in Resources */,
				DF9567DF2371721F00332BAC /* EvilIcons.ttf in Resources */,
				13B07FBD1A68108700A75B9A /* LaunchScreen.xib in Resources */,
				C1DDD640176844CFA661288C /* AntDesign.ttf in Resources */,
				C1AA90D133794DBFA24499AB /* Entypo.ttf in Resources */,
				262FC099C81B4DDCAAE1A10D /* EvilIcons.ttf in Resources */,
				C2F38706DEAC449AB523A055 /* Feather.ttf in Resources */,
				0C7AA40A964C4148BEE820CD /* FontAwesome.ttf in Resources */,
				CA0BBF85EB9C4A719475210B /* FontAwesome5_Brands.ttf in Resources */,
				353B10B8643440659D16A571 /* FontAwesome5_Regular.ttf in Resources */,
				BDB5024332284A7AAD503605 /* FontAwesome5_Solid.ttf in Resources */,
				BECA69B1E1F04759B87756F6 /* Fontisto.ttf in Resources */,
				B919854A0B2A4A7EBE634C2F /* Foundation.ttf in Resources */,
				1C8024C2A67943B389EA399B /* Ionicons.ttf in Resources */,
				6513FAF563514EC4A52643C9 /* MaterialCommunityIcons.ttf in Resources */,
				8A5A767F302F4F1A8EB0DF5E /* MaterialIcons.ttf in Resources */,
				0B035C9F614543FB98FD2DF5 /* Octicons.ttf in Resources */,
				018CFD8361104D298474C0CC /* SimpleLineIcons.ttf in Resources */,
				961D6791E18C4C6F91BE12F0 /* Zocial.ttf in Resources */,
			);
			runOnlyForDeploymentPostprocessing = 0;
		};
/* End PBXResourcesBuildPhase section */

/* Begin PBXShellScriptBuildPhase section */
		00DD1BFF1BD5951E006B06BC /* Bundle React Native code and images */ = {
			isa = PBXShellScriptBuildPhase;
			buildActionMask = 2147483647;
			files = (
			);
			inputPaths = (
			);
			name = "Bundle React Native code and images";
			outputPaths = (
			);
			runOnlyForDeploymentPostprocessing = 0;
			shellPath = /bin/sh;
			shellScript = "export NODE_BINARY=node\n../node_modules/react-native/scripts/react-native-xcode.sh\n";
		};
		1876371A241F99EEA27D744C /* [CP] Check Pods Manifest.lock */ = {
			isa = PBXShellScriptBuildPhase;
			buildActionMask = 2147483647;
			files = (
			);
			inputFileListPaths = (
			);
			inputPaths = (
				"${PODS_PODFILE_DIR_PATH}/Podfile.lock",
				"${PODS_ROOT}/Manifest.lock",
			);
			name = "[CP] Check Pods Manifest.lock";
			outputFileListPaths = (
			);
			outputPaths = (
				"$(DERIVED_FILE_DIR)/Pods-yogaapp-checkManifestLockResult.txt",
			);
			runOnlyForDeploymentPostprocessing = 0;
			shellPath = /bin/sh;
			shellScript = "diff \"${PODS_PODFILE_DIR_PATH}/Podfile.lock\" \"${PODS_ROOT}/Manifest.lock\" > /dev/null\nif [ $? != 0 ] ; then\n    # print error to STDERR\n    echo \"error: The sandbox is not in sync with the Podfile.lock. Run 'pod install' or update your CocoaPods installation.\" >&2\n    exit 1\nfi\n# This output is used by Xcode 'outputs' to avoid re-running this script phase.\necho \"SUCCESS\" > \"${SCRIPT_OUTPUT_FILE_0}\"\n";
			showEnvVarsInLog = 0;
		};
		1D1287659C21DFD7CF0A2982 /* [CP] Copy Pods Resources */ = {
			isa = PBXShellScriptBuildPhase;
			buildActionMask = 2147483647;
			files = (
			);
			inputPaths = (
				"${PODS_ROOT}/Target Support Files/Pods-yogaapp/Pods-yogaapp-resources.sh",
				"${PODS_ROOT}/../../node_modules/react-native-vector-icons/Fonts/AntDesign.ttf",
				"${PODS_ROOT}/../../node_modules/react-native-vector-icons/Fonts/Entypo.ttf",
				"${PODS_ROOT}/../../node_modules/react-native-vector-icons/Fonts/EvilIcons.ttf",
				"${PODS_ROOT}/../../node_modules/react-native-vector-icons/Fonts/Feather.ttf",
				"${PODS_ROOT}/../../node_modules/react-native-vector-icons/Fonts/FontAwesome.ttf",
				"${PODS_ROOT}/../../node_modules/react-native-vector-icons/Fonts/FontAwesome5_Brands.ttf",
				"${PODS_ROOT}/../../node_modules/react-native-vector-icons/Fonts/FontAwesome5_Regular.ttf",
				"${PODS_ROOT}/../../node_modules/react-native-vector-icons/Fonts/FontAwesome5_Solid.ttf",
				"${PODS_ROOT}/../../node_modules/react-native-vector-icons/Fonts/Fontisto.ttf",
				"${PODS_ROOT}/../../node_modules/react-native-vector-icons/Fonts/Foundation.ttf",
				"${PODS_ROOT}/../../node_modules/react-native-vector-icons/Fonts/Ionicons.ttf",
				"${PODS_ROOT}/../../node_modules/react-native-vector-icons/Fonts/MaterialCommunityIcons.ttf",
				"${PODS_ROOT}/../../node_modules/react-native-vector-icons/Fonts/MaterialIcons.ttf",
				"${PODS_ROOT}/../../node_modules/react-native-vector-icons/Fonts/Octicons.ttf",
				"${PODS_ROOT}/../../node_modules/react-native-vector-icons/Fonts/SimpleLineIcons.ttf",
				"${PODS_ROOT}/../../node_modules/react-native-vector-icons/Fonts/Zocial.ttf",
			);
			name = "[CP] Copy Pods Resources";
			outputPaths = (
				"${TARGET_BUILD_DIR}/${UNLOCALIZED_RESOURCES_FOLDER_PATH}/AntDesign.ttf",
				"${TARGET_BUILD_DIR}/${UNLOCALIZED_RESOURCES_FOLDER_PATH}/Entypo.ttf",
				"${TARGET_BUILD_DIR}/${UNLOCALIZED_RESOURCES_FOLDER_PATH}/EvilIcons.ttf",
				"${TARGET_BUILD_DIR}/${UNLOCALIZED_RESOURCES_FOLDER_PATH}/Feather.ttf",
				"${TARGET_BUILD_DIR}/${UNLOCALIZED_RESOURCES_FOLDER_PATH}/FontAwesome.ttf",
				"${TARGET_BUILD_DIR}/${UNLOCALIZED_RESOURCES_FOLDER_PATH}/FontAwesome5_Brands.ttf",
				"${TARGET_BUILD_DIR}/${UNLOCALIZED_RESOURCES_FOLDER_PATH}/FontAwesome5_Regular.ttf",
				"${TARGET_BUILD_DIR}/${UNLOCALIZED_RESOURCES_FOLDER_PATH}/FontAwesome5_Solid.ttf",
				"${TARGET_BUILD_DIR}/${UNLOCALIZED_RESOURCES_FOLDER_PATH}/Fontisto.ttf",
				"${TARGET_BUILD_DIR}/${UNLOCALIZED_RESOURCES_FOLDER_PATH}/Foundation.ttf",
				"${TARGET_BUILD_DIR}/${UNLOCALIZED_RESOURCES_FOLDER_PATH}/Ionicons.ttf",
				"${TARGET_BUILD_DIR}/${UNLOCALIZED_RESOURCES_FOLDER_PATH}/MaterialCommunityIcons.ttf",
				"${TARGET_BUILD_DIR}/${UNLOCALIZED_RESOURCES_FOLDER_PATH}/MaterialIcons.ttf",
				"${TARGET_BUILD_DIR}/${UNLOCALIZED_RESOURCES_FOLDER_PATH}/Octicons.ttf",
				"${TARGET_BUILD_DIR}/${UNLOCALIZED_RESOURCES_FOLDER_PATH}/SimpleLineIcons.ttf",
				"${TARGET_BUILD_DIR}/${UNLOCALIZED_RESOURCES_FOLDER_PATH}/Zocial.ttf",
			);
			runOnlyForDeploymentPostprocessing = 0;
			shellPath = /bin/sh;
			shellScript = "\"${PODS_ROOT}/Target Support Files/Pods-yogaapp/Pods-yogaapp-resources.sh\"\n";
			showEnvVarsInLog = 0;
		};
/* End PBXShellScriptBuildPhase section */

/* Begin PBXSourcesBuildPhase section */
		13B07F871A680F5B00A75B9A /* Sources */ = {
			isa = PBXSourcesBuildPhase;
			buildActionMask = 2147483647;
			files = (
				13B07FBC1A68108700A75B9A /* AppDelegate.m in Sources */,
				13B07FC11A68108700A75B9A /* main.m in Sources */,
			);
			runOnlyForDeploymentPostprocessing = 0;
		};
/* End PBXSourcesBuildPhase section */

/* Begin PBXVariantGroup section */
		13B07FB11A68108700A75B9A /* LaunchScreen.xib */ = {
			isa = PBXVariantGroup;
			children = (
				13B07FB21A68108700A75B9A /* Base */,
			);
			name = LaunchScreen.xib;
			path = yogaapp;
			sourceTree = "<group>";
		};
/* End PBXVariantGroup section */

/* Begin XCBuildConfiguration section */
		13B07F941A680F5B00A75B9A /* Debug */ = {
			isa = XCBuildConfiguration;
			baseConfigurationReference = B47D75E5D1913E2479AB2B8D /* Pods-yogaapp.debug.xcconfig */;
			buildSettings = {
				ASSETCATALOG_COMPILER_APPICON_NAME = AppIcon;
				CURRENT_PROJECT_VERSION = 1;
				DEAD_CODE_STRIPPING = NO;
				HEADER_SEARCH_PATHS = (
					"$(inherited)",
					"$(SRCROOT)..",
					ode_modules,
					"eact-native-gesture-handlerios/**",
				);
				INFOPLIST_FILE = yogaapp/Info.plist;
				LD_RUNPATH_SEARCH_PATHS = "$(inherited) @executable_path/Frameworks";
				OTHER_LDFLAGS = (
					"$(inherited)",
					"-ObjC",
					"-lc++",
				);
				PRODUCT_BUNDLE_IDENTIFIER = "org.reactjs.native.example.$(PRODUCT_NAME:rfc1034identifier)";
				PRODUCT_NAME = yogaapp;
				VERSIONING_SYSTEM = "apple-generic";
			};
			name = Debug;
		};
		13B07F951A680F5B00A75B9A /* Release */ = {
			isa = XCBuildConfiguration;
			baseConfigurationReference = 75E936EB1A3002F6A9AB4156 /* Pods-yogaapp.release.xcconfig */;
			buildSettings = {
				ASSETCATALOG_COMPILER_APPICON_NAME = AppIcon;
				CURRENT_PROJECT_VERSION = 1;
				HEADER_SEARCH_PATHS = (
					"$(inherited)",
					"$(SRCROOT)..",
					ode_modules,
					"eact-native-gesture-handlerios/**",
				);
				INFOPLIST_FILE = yogaapp/Info.plist;
				LD_RUNPATH_SEARCH_PATHS = "$(inherited) @executable_path/Frameworks";
				OTHER_LDFLAGS = (
					"$(inherited)",
					"-ObjC",
					"-lc++",
				);
				PRODUCT_BUNDLE_IDENTIFIER = "org.reactjs.native.example.$(PRODUCT_NAME:rfc1034identifier)";
				PRODUCT_NAME = yogaapp;
				VERSIONING_SYSTEM = "apple-generic";
			};
			name = Release;
		};
		83CBBA201A601CBA00E9B192 /* Debug */ = {
			isa = XCBuildConfiguration;
			buildSettings = {
				ALWAYS_SEARCH_USER_PATHS = NO;
				CLANG_CXX_LANGUAGE_STANDARD = "gnu++0x";
				CLANG_CXX_LIBRARY = "libc++";
				CLANG_ENABLE_MODULES = YES;
				CLANG_ENABLE_OBJC_ARC = YES;
				CLANG_WARN_BLOCK_CAPTURE_AUTORELEASING = YES;
				CLANG_WARN_BOOL_CONVERSION = YES;
				CLANG_WARN_COMMA = YES;
				CLANG_WARN_CONSTANT_CONVERSION = YES;
				CLANG_WARN_DEPRECATED_OBJC_IMPLEMENTATIONS = YES;
				CLANG_WARN_DIRECT_OBJC_ISA_USAGE = YES_ERROR;
				CLANG_WARN_EMPTY_BODY = YES;
				CLANG_WARN_ENUM_CONVERSION = YES;
				CLANG_WARN_INFINITE_RECURSION = YES;
				CLANG_WARN_INT_CONVERSION = YES;
				CLANG_WARN_NON_LITERAL_NULL_CONVERSION = YES;
				CLANG_WARN_OBJC_IMPLICIT_RETAIN_SELF = YES;
				CLANG_WARN_OBJC_LITERAL_CONVERSION = YES;
				CLANG_WARN_OBJC_ROOT_CLASS = YES_ERROR;
				CLANG_WARN_RANGE_LOOP_ANALYSIS = YES;
				CLANG_WARN_STRICT_PROTOTYPES = YES;
				CLANG_WARN_SUSPICIOUS_MOVE = YES;
				CLANG_WARN_UNREACHABLE_CODE = YES;
				CLANG_WARN__DUPLICATE_METHOD_MATCH = YES;
				"CODE_SIGN_IDENTITY[sdk=iphoneos*]" = "iPhone Developer";
				COPY_PHASE_STRIP = NO;
				ENABLE_STRICT_OBJC_MSGSEND = YES;
				ENABLE_TESTABILITY = YES;
				GCC_C_LANGUAGE_STANDARD = gnu99;
				GCC_DYNAMIC_NO_PIC = NO;
				GCC_NO_COMMON_BLOCKS = YES;
				GCC_OPTIMIZATION_LEVEL = 0;
				GCC_PREPROCESSOR_DEFINITIONS = (
					"DEBUG=1",
					"$(inherited)",
				);
				GCC_SYMBOLS_PRIVATE_EXTERN = NO;
				GCC_WARN_64_TO_32_BIT_CONVERSION = YES;
				GCC_WARN_ABOUT_RETURN_TYPE = YES_ERROR;
				GCC_WARN_UNDECLARED_SELECTOR = YES;
				GCC_WARN_UNINITIALIZED_AUTOS = YES_AGGRESSIVE;
				GCC_WARN_UNUSED_FUNCTION = YES;
				GCC_WARN_UNUSED_VARIABLE = YES;
				IPHONEOS_DEPLOYMENT_TARGET = 9.0;
				MTL_ENABLE_DEBUG_INFO = YES;
				ONLY_ACTIVE_ARCH = YES;
				SDKROOT = iphoneos;
			};
			name = Debug;
		};
		83CBBA211A601CBA00E9B192 /* Release */ = {
			isa = XCBuildConfiguration;
			buildSettings = {
				ALWAYS_SEARCH_USER_PATHS = NO;
				CLANG_CXX_LANGUAGE_STANDARD = "gnu++0x";
				CLANG_CXX_LIBRARY = "libc++";
				CLANG_ENABLE_MODULES = YES;
				CLANG_ENABLE_OBJC_ARC = YES;
				CLANG_WARN_BLOCK_CAPTURE_AUTORELEASING = YES;
				CLANG_WARN_BOOL_CONVERSION = YES;
				CLANG_WARN_COMMA = YES;
				CLANG_WARN_CONSTANT_CONVERSION = YES;
				CLANG_WARN_DEPRECATED_OBJC_IMPLEMENTATIONS = YES;
				CLANG_WARN_DIRECT_OBJC_ISA_USAGE = YES_ERROR;
				CLANG_WARN_EMPTY_BODY = YES;
				CLANG_WARN_ENUM_CONVERSION = YES;
				CLANG_WARN_INFINITE_RECURSION = YES;
				CLANG_WARN_INT_CONVERSION = YES;
				CLANG_WARN_NON_LITERAL_NULL_CONVERSION = YES;
				CLANG_WARN_OBJC_IMPLICIT_RETAIN_SELF = YES;
				CLANG_WARN_OBJC_LITERAL_CONVERSION = YES;
				CLANG_WARN_OBJC_ROOT_CLASS = YES_ERROR;
				CLANG_WARN_RANGE_LOOP_ANALYSIS = YES;
				CLANG_WARN_STRICT_PROTOTYPES = YES;
				CLANG_WARN_SUSPICIOUS_MOVE = YES;
				CLANG_WARN_UNREACHABLE_CODE = YES;
				CLANG_WARN__DUPLICATE_METHOD_MATCH = YES;
				"CODE_SIGN_IDENTITY[sdk=iphoneos*]" = "iPhone Developer";
				COPY_PHASE_STRIP = YES;
				ENABLE_NS_ASSERTIONS = NO;
				ENABLE_STRICT_OBJC_MSGSEND = YES;
				GCC_C_LANGUAGE_STANDARD = gnu99;
				GCC_NO_COMMON_BLOCKS = YES;
				GCC_WARN_64_TO_32_BIT_CONVERSION = YES;
				GCC_WARN_ABOUT_RETURN_TYPE = YES_ERROR;
				GCC_WARN_UNDECLARED_SELECTOR = YES;
				GCC_WARN_UNINITIALIZED_AUTOS = YES_AGGRESSIVE;
				GCC_WARN_UNUSED_FUNCTION = YES;
				GCC_WARN_UNUSED_VARIABLE = YES;
				IPHONEOS_DEPLOYMENT_TARGET = 9.0;
				MTL_ENABLE_DEBUG_INFO = NO;
				SDKROOT = iphoneos;
				VALIDATE_PRODUCT = YES;
			};
			name = Release;
		};
/* End XCBuildConfiguration section */

/* Begin XCConfigurationList section */
		13B07F931A680F5B00A75B9A /* Build configuration list for PBXNativeTarget "yogaapp" */ = {
			isa = XCConfigurationList;
			buildConfigurations = (
				13B07F941A680F5B00A75B9A /* Debug */,
				13B07F951A680F5B00A75B9A /* Release */,
			);
			defaultConfigurationIsVisible = 0;
			defaultConfigurationName = Release;
		};
		83CBB9FA1A601CBA00E9B192 /* Build configuration list for PBXProject "yogaapp" */ = {
			isa = XCConfigurationList;
			buildConfigurations = (
				83CBBA201A601CBA00E9B192 /* Debug */,
				83CBBA211A601CBA00E9B192 /* Release */,
			);
			defaultConfigurationIsVisible = 0;
			defaultConfigurationName = Release;
		};
/* End XCConfigurationList section */
	};
	rootObject = 83CBB9F71A601CBA00E9B192 /* Project object */;
}
